{
  "nodes": {
    "nixpkgs": {
      "locked": {
        "lastModified": 1768305791,
        "narHash": "sha256-yufcwWDATMK48KBijfcdVrajf0IpaYEd2S51SL1XdMk=",
        "rev": "1412caf7bf9e660f2f962917c14b1ea1c3bc695e",
        "type": "tarball",
        "url": "https://releases.nixos.org/nixos/unstable/nixos-26.05pre927018.1412caf7bf9e/nixexprs.tar.xz?lastModified=1768305791&rev=1412caf7bf9e660f2f962917c14b1ea1c3bc695e"
      },
      "original": {
        "type": "tarball",
        "url": "https://channels.nixos.org/nixos-unstable/nixexprs.tar.xz"
      }
    },
    "root": {
      "inputs": {
        "nixpkgs": "nixpkgs"
      }
    }
  },
  "root": "root",
  "version": 7
}
